// !$*UTF8*$!
{
	archiveVersion = 1;
	classes = {
	};
	objectVersion = 50;
	objects = {

/* Begin PBXBuildFile section */
		4223CB2E28B056F200374C79 /* RegisterFormViewController.swift in Sources */ = {isa = PBXBuildFile; fileRef = 4223CB2D28B056F200374C79 /* RegisterFormViewController.swift */; };
		4223CB3028B06E2900374C79 /* TableCellView.swift in Sources */ = {isa = PBXBuildFile; fileRef = 4223CB2F28B06E2900374C79 /* TableCellView.swift */; };
		4278EDCA28B14F220063E0AF /* DetailViewController.swift in Sources */ = {isa = PBXBuildFile; fileRef = 4278EDC928B14F220063E0AF /* DetailViewController.swift */; };
		42E0234D28A7E0770038164A /* AppDelegate.swift in Sources */ = {isa = PBXBuildFile; fileRef = 42E0234C28A7E0770038164A /* AppDelegate.swift */; };
		42E0234F28A7E0770038164A /* SceneDelegate.swift in Sources */ = {isa = PBXBuildFile; fileRef = 42E0234E28A7E0770038164A /* SceneDelegate.swift */; };
		42E0235128A7E0770038164A /* ViewController.swift in Sources */ = {isa = PBXBuildFile; fileRef = 42E0235028A7E0770038164A /* ViewController.swift */; };
		42E0235428A7E0770038164A /* Main.storyboard in Resources */ = {isa = PBXBuildFile; fileRef = 42E0235228A7E0770038164A /* Main.storyboard */; };
		42E0235628A7E0790038164A /* Assets.xcassets in Resources */ = {isa = PBXBuildFile; fileRef = 42E0235528A7E0790038164A /* Assets.xcassets */; };
		42E0235928A7E0790038164A /* LaunchScreen.storyboard in Resources */ = {isa = PBXBuildFile; fileRef = 42E0235728A7E0790038164A /* LaunchScreen.storyboard */; };
		42E0236428A7E0790038164A /* SampleUITests.swift in Sources */ = {isa = PBXBuildFile; fileRef = 42E0236328A7E0790038164A /* SampleUITests.swift */; };
/* End PBXBuildFile section */

/* Begin PBXContainerItemProxy section */
		42E0236028A7E0790038164A /* PBXContainerItemProxy */ = {
			isa = PBXContainerItemProxy;
			containerPortal = 42E0234128A7E0770038164A /* Project object */;
			proxyType = 1;
			remoteGlobalIDString = 42E0234828A7E0770038164A;
			remoteInfo = SampleUI;
		};
/* End PBXContainerItemProxy section */

/* Begin PBXFileReference section */
		4223CB2D28B056F200374C79 /* RegisterFormViewController.swift */ = {isa = PBXFileReference; lastKnownFileType = sourcecode.swift; path = RegisterFormViewController.swift; sourceTree = "<group>"; };
		4223CB2F28B06E2900374C79 /* TableCellView.swift */ = {isa = PBXFileReference; lastKnownFileType = sourcecode.swift; path = TableCellView.swift; sourceTree = "<group>"; };
		4278EDC928B14F220063E0AF /* DetailViewController.swift */ = {isa = PBXFileReference; lastKnownFileType = sourcecode.swift; path = DetailViewController.swift; sourceTree = "<group>"; };
		42E0234928A7E0770038164A /* SampleUI.app */ = {isa = PBXFileReference; explicitFileType = wrapper.application; includeInIndex = 0; path = SampleUI.app; sourceTree = BUILT_PRODUCTS_DIR; };
		42E0234C28A7E0770038164A /* AppDelegate.swift */ = {isa = PBXFileReference; lastKnownFileType = sourcecode.swift; path = AppDelegate.swift; sourceTree = "<group>"; };
		42E0234E28A7E0770038164A /* SceneDelegate.swift */ = {isa = PBXFileReference; lastKnownFileType = sourcecode.swift; path = SceneDelegate.swift; sourceTree = "<group>"; };
		42E0235028A7E0770038164A /* ViewController.swift */ = {isa = PBXFileReference; lastKnownFileType = sourcecode.swift; path = ViewController.swift; sourceTree = "<group>"; };
		42E0235328A7E0770038164A /* Base */ = {isa = PBXFileReference; lastKnownFileType = file.storyboard; name = Base; path = Base.lproj/Main.storyboard; sourceTree = "<group>"; };
		42E0235528A7E0790038164A /* Assets.xcassets */ = {isa = PBXFileReference; lastKnownFileType = folder.assetcatalog; path = Assets.xcassets; sourceTree = "<group>"; };
		42E0235828A7E0790038164A /* Base */ = {isa = PBXFileReference; lastKnownFileType = file.storyboard; name = Base; path = Base.lproj/LaunchScreen.storyboard; sourceTree = "<group>"; };
		42E0235A28A7E0790038164A /* Info.plist */ = {isa = PBXFileReference; lastKnownFileType = text.plist.xml; path = Info.plist; sourceTree = "<group>"; };
		42E0235F28A7E0790038164A /* SampleUITests.xctest */ = {isa = PBXFileReference; explicitFileType = wrapper.cfbundle; includeInIndex = 0; path = SampleUITests.xctest; sourceTree = BUILT_PRODUCTS_DIR; };
		42E0236328A7E0790038164A /* SampleUITests.swift */ = {isa = PBXFileReference; lastKnownFileType = sourcecode.swift; path = SampleUITests.swift; sourceTree = "<group>"; };
		42E0236528A7E0790038164A /* Info.plist */ = {isa = PBXFileReference; lastKnownFileType = text.plist.xml; path = Info.plist; sourceTree = "<group>"; };
/* End PBXFileReference section */

/* Begin PBXFrameworksBuildPhase section */
		42E0234628A7E0770038164A /* Frameworks */ = {
			isa = PBXFrameworksBuildPhase;
			buildActionMask = 2147483647;
			files = (
			);
			runOnlyForDeploymentPostprocessing = 0;
		};
		42E0235C28A7E0790038164A /* Frameworks */ = {
			isa = PBXFrameworksBuildPhase;
			buildActionMask = 2147483647;
			files = (
			);
			runOnlyForDeploymentPostprocessing = 0;
		};
/* End PBXFrameworksBuildPhase section */

/* Begin PBXGroup section */
		42E0234028A7E0770038164A = {
			isa = PBXGroup;
			children = (
				42E0234B28A7E0770038164A /* SampleUI */,
				42E0236228A7E0790038164A /* SampleUITests */,
				42E0234A28A7E0770038164A /* Products */,
			);
			sourceTree = "<group>";
		};
		42E0234A28A7E0770038164A /* Products */ = {
			isa = PBXGroup;
			children = (
				42E0234928A7E0770038164A /* SampleUI.app */,
				42E0235F28A7E0790038164A /* SampleUITests.xctest */,
			);
			name = Products;
			sourceTree = "<group>";
		};
		42E0234B28A7E0770038164A /* SampleUI */ = {
			isa = PBXGroup;
			children = (
				42E0234C28A7E0770038164A /* AppDelegate.swift */,
				42E0234E28A7E0770038164A /* SceneDelegate.swift */,
				42E0235028A7E0770038164A /* ViewController.swift */,
				42E0235228A7E0770038164A /* Main.storyboard */,
				4223CB2F28B06E2900374C79 /* TableCellView.swift */,
				4223CB2D28B056F200374C79 /* RegisterFormViewController.swift */,
				42E0235528A7E0790038164A /* Assets.xcassets */,
				42E0235728A7E0790038164A /* LaunchScreen.storyboard */,
				42E0235A28A7E0790038164A /* Info.plist */,
				4278EDC928B14F220063E0AF /* DetailViewController.swift */,
			);
			path = SampleUI;
			sourceTree = "<group>";
		};
		42E0236228A7E0790038164A /* SampleUITests */ = {
			isa = PBXGroup;
			children = (
				42E0236328A7E0790038164A /* SampleUITests.swift */,
				42E0236528A7E0790038164A /* Info.plist */,
			);
			path = SampleUITests;
			sourceTree = "<group>";
		};
/* End PBXGroup section */

/* Begin PBXNativeTarget section */
		42E0234828A7E0770038164A /* SampleUI */ = {
			isa = PBXNativeTarget;
			buildConfigurationList = 42E0236828A7E0790038164A /* Build configuration list for PBXNativeTarget "SampleUI" */;
			buildPhases = (
				42E0234528A7E0770038164A /* Sources */,
				42E0234628A7E0770038164A /* Frameworks */,
				42E0234728A7E0770038164A /* Resources */,
			);
			buildRules = (
			);
			dependencies = (
			);
			name = SampleUI;
			productName = SampleUI;
			productReference = 42E0234928A7E0770038164A /* SampleUI.app */;
			productType = "com.apple.product-type.application";
		};
		42E0235E28A7E0790038164A /* SampleUITests */ = {
			isa = PBXNativeTarget;
			buildConfigurationList = 42E0236B28A7E0790038164A /* Build configuration list for PBXNativeTarget "SampleUITests" */;
			buildPhases = (
				42E0235B28A7E0790038164A /* Sources */,
				42E0235C28A7E0790038164A /* Frameworks */,
				42E0235D28A7E0790038164A /* Resources */,
			);
			buildRules = (
			);
			dependencies = (
				42E0236128A7E0790038164A /* PBXTargetDependency */,
			);
			name = SampleUITests;
			productName = SampleUITests;
			productReference = 42E0235F28A7E0790038164A /* SampleUITests.xctest */;
			productType = "com.apple.product-type.bundle.unit-test";
		};
/* End PBXNativeTarget section */

/* Begin PBXProject section */
		42E0234128A7E0770038164A /* Project object */ = {
			isa = PBXProject;
			attributes = {
				LastSwiftUpdateCheck = 1150;
				LastUpgradeCheck = 1150;
				ORGANIZATIONNAME = VibeLabMac8;
				TargetAttributes = {
					42E0234828A7E0770038164A = {
						CreatedOnToolsVersion = 11.5;
					};
					42E0235E28A7E0790038164A = {
						CreatedOnToolsVersion = 11.5;
						TestTargetID = 42E0234828A7E0770038164A;
					};
				};
			};
			buildConfigurationList = 42E0234428A7E0770038164A /* Build configuration list for PBXProject "SampleUI" */;
			compatibilityVersion = "Xcode 9.3";
			developmentRegion = en;
			hasScannedForEncodings = 0;
			knownRegions = (
				en,
				Base,
			);
			mainGroup = 42E0234028A7E0770038164A;
			productRefGroup = 42E0234A28A7E0770038164A /* Products */;
			projectDirPath = "";
			projectRoot = "";
			targets = (
				42E0234828A7E0770038164A /* SampleUI */,
				42E0235E28A7E0790038164A /* SampleUITests */,
			);
		};
/* End PBXProject section */

/* Begin PBXResourcesBuildPhase section */
		42E0234728A7E0770038164A /* Resources */ = {
			isa = PBXResourcesBuildPhase;
			buildActionMask = 2147483647;
			files = (
				42E0235928A7E0790038164A /* LaunchScreen.storyboard in Resources */,
				42E0235628A7E0790038164A /* Assets.xcassets in Resources */,
				42E0235428A7E0770038164A /* Main.storyboard in Resources */,
			);
			runOnlyForDeploymentPostprocessing = 0;
		};
		42E0235D28A7E0790038164A /* Resources */ = {
			isa = PBXResourcesBuildPhase;
			buildActionMask = 2147483647;
			files = (
			);
			runOnlyForDeploymentPostprocessing = 0;
		};
/* End PBXResourcesBuildPhase section */

/* Begin PBXSourcesBuildPhase section */
		42E0234528A7E0770038164A /* Sources */ = {
			isa = PBXSourcesBuildPhase;
			buildActionMask = 2147483647;
			files = (
				42E0235128A7E0770038164A /* ViewController.swift in Sources */,
				42E0234D28A7E0770038164A /* AppDelegate.swift in Sources */,
				4223CB3028B06E2900374C79 /* TableCellView.swift in Sources */,
				4278EDCA28B14F220063E0AF /* DetailViewController.swift in Sources */,
				4223CB2E28B056F200374C79 /* RegisterFormViewController.swift in Sources */,
				42E0234F28A7E0770038164A /* SceneDelegate.swift in Sources */,
			);
			runOnlyForDeploymentPostprocessing = 0;
		};
		42E0235B28A7E0790038164A /* Sources */ = {
			isa = PBXSourcesBuildPhase;
			buildActionMask = 2147483647;
			files = (
				42E0236428A7E0790038164A /* SampleUITests.swift in Sources */,
			);
			runOnlyForDeploymentPostprocessing = 0;
		};
/* End PBXSourcesBuildPhase section */

/* Begin PBXTargetDependency section */
		42E0236128A7E0790038164A /* PBXTargetDependency */ = {
			isa = PBXTargetDependency;
			target = 42E0234828A7E0770038164A /* SampleUI */;
			targetProxy = 42E0236028A7E0790038164A /* PBXContainerItemProxy */;
		};
/* End PBXTargetDependency section */

/* Begin PBXVariantGroup section */
		42E0235228A7E0770038164A /* Main.storyboard */ = {
			isa = PBXVariantGroup;
			children = (
				42E0235328A7E0770038164A /* Base */,
			);
			name = Main.storyboard;
			sourceTree = "<group>";
		};
		42E0235728A7E0790038164A /* LaunchScreen.storyboard */ = {
			isa = PBXVariantGroup;
			children = (
				42E0235828A7E0790038164A /* Base */,
			);
			name = LaunchScreen.storyboard;
			sourceTree = "<group>";
		};
/* End PBXVariantGroup section */

/* Begin XCBuildConfiguration section */
		42E0236628A7E0790038164A /* Debug */ = {
			isa = XCBuildConfiguration;
			buildSettings = {
				ALWAYS_SEARCH_USER_PATHS = NO;
				CLANG_ANALYZER_NONNULL = YES;
				CLANG_ANALYZER_NUMBER_OBJECT_CONVERSION = YES_AGGRESSIVE;
				CLANG_CXX_LANGUAGE_STANDARD = "gnu++14";
				CLANG_CXX_LIBRARY = "libc++";
				CLANG_ENABLE_MODULES = YES;
				CLANG_ENABLE_OBJC_ARC = YES;
				CLANG_ENABLE_OBJC_WEAK = YES;
				CLANG_WARN_BLOCK_CAPTURE_AUTORELEASING = YES;
				CLANG_WARN_BOOL_CONVERSION = YES;
				CLANG_WARN_COMMA = YES;
				CLANG_WARN_CONSTANT_CONVERSION = YES;
				CLANG_WARN_DEPRECATED_OBJC_IMPLEMENTATIONS = YES;
				CLANG_WARN_DIRECT_OBJC_ISA_USAGE = YES_ERROR;
				CLANG_WARN_DOCUMENTATION_COMMENTS = YES;
				CLANG_WARN_EMPTY_BODY = YES;
				CLANG_WARN_ENUM_CONVERSION = YES;
				CLANG_WARN_INFINITE_RECURSION = YES;
				CLANG_WARN_INT_CONVERSION = YES;
				CLANG_WARN_NON_LITERAL_NULL_CONVERSION = YES;
				CLANG_WARN_OBJC_IMPLICIT_RETAIN_SELF = YES;
				CLANG_WARN_OBJC_LITERAL_CONVERSION = YES;
				CLANG_WARN_OBJC_ROOT_CLASS = YES_ERROR;
				CLANG_WARN_RANGE_LOOP_ANALYSIS = YES;
				CLANG_WARN_STRICT_PROTOTYPES = YES;
				CLANG_WARN_SUSPICIOUS_MOVE = YES;
				CLANG_WARN_UNGUARDED_AVAILABILITY = YES_AGGRESSIVE;
				CLANG_WARN_UNREACHABLE_CODE = YES;
				CLANG_WARN__DUPLICATE_METHOD_MATCH = YES;
				COPY_PHASE_STRIP = NO;
				DEBUG_INFORMATION_FORMAT = dwarf;
				ENABLE_STRICT_OBJC_MSGSEND = YES;
				ENABLE_TESTABILITY = YES;
				GCC_C_LANGUAGE_STANDARD = gnu11;
				GCC_DYNAMIC_NO_PIC = NO;
				GCC_NO_COMMON_BLOCKS = YES;
				GCC_OPTIMIZATION_LEVEL = 0;
				GCC_PREPROCESSOR_DEFINITIONS = (
					"DEBUG=1",
					"$(inherited)",
				);
				GCC_WARN_64_TO_32_BIT_CONVERSION = YES;
				GCC_WARN_ABOUT_RETURN_TYPE = YES_ERROR;
				GCC_WARN_UNDECLARED_SELECTOR = YES;
				GCC_WARN_UNINITIALIZED_AUTOS = YES_AGGRESSIVE;
				GCC_WARN_UNUSED_FUNCTION = YES;
				GCC_WARN_UNUSED_VARIABLE = YES;
				IPHONEOS_DEPLOYMENT_TARGET = 13.5;
				MTL_ENABLE_DEBUG_INFO = INCLUDE_SOURCE;
				MTL_FAST_MATH = YES;
				ONLY_ACTIVE_ARCH = YES;
				SDKROOT = iphoneos;
				SWIFT_ACTIVE_COMPILATION_CONDITIONS = DEBUG;
				SWIFT_OPTIMIZATION_LEVEL = "-Onone";
			};
			name = Debug;
		};
		42E0236728A7E0790038164A /* Release */ = {
			isa = XCBuildConfiguration;
			buildSettings = {
				ALWAYS_SEARCH_USER_PATHS = NO;
				CLANG_ANALYZER_NONNULL = YES;
				CLANG_ANALYZER_NUMBER_OBJECT_CONVERSION = YES_AGGRESSIVE;
				CLANG_CXX_LANGUAGE_STANDARD = "gnu++14";
				CLANG_CXX_LIBRARY = "libc++";
				CLANG_ENABLE_MODULES = YES;
				CLANG_ENABLE_OBJC_ARC = YES;
				CLANG_ENABLE_OBJC_WEAK = YES;
				CLANG_WARN_BLOCK_CAPTURE_AUTORELEASING = YES;
				CLANG_WARN_BOOL_CONVERSION = YES;
				CLANG_WARN_COMMA = YES;
				CLANG_WARN_CONSTANT_CONVERSION = YES;
				CLANG_WARN_DEPRECATED_OBJC_IMPLEMENTATIONS = YES;
				CLANG_WARN_DIRECT_OBJC_ISA_USAGE = YES_ERROR;
				CLANG_WARN_DOCUMENTATION_COMMENTS = YES;
				CLANG_WARN_EMPTY_BODY = YES;
				CLANG_WARN_ENUM_CONVERSION = YES;
				CLANG_WARN_INFINITE_RECURSION = YES;
				CLANG_WARN_INT_CONVERSION = YES;
				CLANG_WARN_NON_LITERAL_NULL_CONVERSION = YES;
				CLANG_WARN_OBJC_IMPLICIT_RETAIN_SELF = YES;
				CLANG_WARN_OBJC_LITERAL_CONVERSION = YES;
				CLANG_WARN_OBJC_ROOT_CLASS = YES_ERROR;
				CLANG_WARN_RANGE_LOOP_ANALYSIS = YES;
				CLANG_WARN_STRICT_PROTOTYPES = YES;
				CLANG_WARN_SUSPICIOUS_MOVE = YES;
				CLANG_WARN_UNGUARDED_AVAILABILITY = YES_AGGRESSIVE;
				CLANG_WARN_UNREACHABLE_CODE = YES;
				CLANG_WARN__DUPLICATE_METHOD_MATCH = YES;
				COPY_PHASE_STRIP = NO;
				DEBUG_INFORMATION_FORMAT = "dwarf-with-dsym";
				ENABLE_NS_ASSERTIONS = NO;
				ENABLE_STRICT_OBJC_MSGSEND = YES;
				GCC_C_LANGUAGE_STANDARD = gnu11;
				GCC_NO_COMMON_BLOCKS = YES;
				GCC_WARN_64_TO_32_BIT_CONVERSION = YES;
				GCC_WARN_ABOUT_RETURN_TYPE = YES_ERROR;
				GCC_WARN_UNDECLARED_SELECTOR = YES;
				GCC_WARN_UNINITIALIZED_AUTOS = YES_AGGRESSIVE;
				GCC_WARN_UNUSED_FUNCTION = YES;
				GCC_WARN_UNUSED_VARIABLE = YES;
				IPHONEOS_DEPLOYMENT_TARGET = 13.5;
				MTL_ENABLE_DEBUG_INFO = NO;
				MTL_FAST_MATH = YES;
				SDKROOT = iphoneos;
				SWIFT_COMPILATION_MODE = wholemodule;
				SWIFT_OPTIMIZATION_LEVEL = "-O";
				VALIDATE_PRODUCT = YES;
			};
			name = Release;
		};
		42E0236928A7E0790038164A /* Debug */ = {
			isa = XCBuildConfiguration;
			buildSettings = {
				ASSETCATALOG_COMPILER_APPICON_NAME = AppIcon;
				CODE_SIGN_STYLE = Automatic;
				INFOPLIST_FILE = SampleUI/Info.plist;
				LD_RUNPATH_SEARCH_PATHS = (
					"$(inherited)",
					"@executable_path/Frameworks",
				);
				PRODUCT_BUNDLE_IDENTIFIER = ViveLab.SampleUI;
				PRODUCT_NAME = "$(TARGET_NAME)";
				SWIFT_VERSION = 5.0;
				TARGETED_DEVICE_FAMILY = "1,2";
			};
			name = Debug;
		};
		42E0236A28A7E0790038164A /* Release */ = {
			isa = XCBuildConfiguration;
			buildSettings = {
				ASSETCATALOG_COMPILER_APPICON_NAME = AppIcon;
				CODE_SIGN_STYLE = Automatic;
				INFOPLIST_FILE = SampleUI/Info.plist;
				LD_RUNPATH_SEARCH_PATHS = (
					"$(inherited)",
					"@executable_path/Frameworks",
				);
				PRODUCT_BUNDLE_IDENTIFIER = ViveLab.SampleUI;
				PRODUCT_NAME = "$(TARGET_NAME)";
				SWIFT_VERSION = 5.0;
				TARGETED_DEVICE_FAMILY = "1,2";
			};
			name = Release;
		};
		42E0236C28A7E0790038164A /* Debug */ = {
			isa = XCBuildConfiguration;
			buildSettings = {
				ALWAYS_EMBED_SWIFT_STANDARD_LIBRARIES = YES;
				BUNDLE_LOADER = "$(TEST_HOST)";
				CODE_SIGN_STYLE = Automatic;
				INFOPLIST_FILE = SampleUITests/Info.plist;
				IPHONEOS_DEPLOYMENT_TARGET = 13.5;
				LD_RUNPATH_SEARCH_PATHS = (
					"$(inherited)",
					"@executable_path/Frameworks",
					"@loader_path/Frameworks",
				);
				PRODUCT_BUNDLE_IDENTIFIER = ViveLab.SampleUITests;
				PRODUCT_NAME = "$(TARGET_NAME)";
				SWIFT_VERSION = 5.0;
				TARGETED_DEVICE_FAMILY = "1,2";
				TEST_HOST = "$(BUILT_PRODUCTS_DIR)/SampleUI.app/SampleUI";
			};
			name = Debug;
		};
		42E0236D28A7E0790038164A /* Release */ = {
			isa = XCBuildConfiguration;
			buildSettings = {
				ALWAYS_EMBED_SWIFT_STANDARD_LIBRARIES = YES;
				BUNDLE_LOADER = "$(TEST_HOST)";
				CODE_SIGN_STYLE = Automatic;
				INFOPLIST_FILE = SampleUITests/Info.plist;
				IPHONEOS_DEPLOYMENT_TARGET = 13.5;
				LD_RUNPATH_SEARCH_PATHS = (
					"$(inherited)",
					"@executable_path/Frameworks",
					"@loader_path/Frameworks",
				);
				PRODUCT_BUNDLE_IDENTIFIER = ViveLab.SampleUITests;
				PRODUCT_NAME = "$(TARGET_NAME)";
				SWIFT_VERSION = 5.0;
				TARGETED_DEVICE_FAMILY = "1,2";
				TEST_HOST = "$(BUILT_PRODUCTS_DIR)/SampleUI.app/SampleUI";
			};
			name = Release;
		};
/* End XCBuildConfiguration section */

/* Begin XCConfigurationList section */
		42E0234428A7E0770038164A /* Build configuration list for PBXProject "SampleUI" */ = {
			isa = XCConfigurationList;
			buildConfigurations = (
				42E0236628A7E0790038164A /* Debug */,
				42E0236728A7E0790038164A /* Release */,
			);
			defaultConfigurationIsVisible = 0;
			defaultConfigurationName = Release;
		};
		42E0236828A7E0790038164A /* Build configuration list for PBXNativeTarget "SampleUI" */ = {
			isa = XCConfigurationList;
			buildConfigurations = (
				42E0236928A7E0790038164A /* Debug */,
				42E0236A28A7E0790038164A /* Release */,
			);
			defaultConfigurationIsVisible = 0;
			defaultConfigurationName = Release;
		};
		42E0236B28A7E0790038164A /* Build configuration list for PBXNativeTarget "SampleUITests" */ = {
			isa = XCConfigurationList;
			buildConfigurations = (
				42E0236C28A7E0790038164A /* Debug */,
				42E0236D28A7E0790038164A /* Release */,
			);
			defaultConfigurationIsVisible = 0;
			defaultConfigurationName = Release;
		};
/* End XCConfigurationList section */
	};
	rootObject = 42E0234128A7E0770038164A /* Project object */;
}
